
Microsoft Visual Studio Solution File, Format Version 12.00
# Visual Studio Version 16
VisualStudioVersion = 16.0.30413.136
MinimumVisualStudioVersion = 10.0.40219.1
Project("{FAE04EC0-301F-11D3-BF4B-00C04F79EFBC}") = "InheritanceZoo", "InheritanceZoo\InheritanceZoo.csproj", "{7052D232-4707-41B3-B003-C0041CA66BC5}"
EndProject
Global
	GlobalSection(SolutionConfigurationPlatforms) = preSolution
		Debug|Any CPU = Debug|Any CPU
		Release|Any CPU = Release|Any CPU
	EndGlobalSection
	GlobalSection(ProjectConfigurationPlatforms) = postSolution
		{7052D232-4707-41B3-B003-C0041CA66BC5}.Debug|Any CPU.ActiveCfg = Debug|Any CPU
		{7052D232-4707-41B3-B003-C0041CA66BC5}.Debug|Any CPU.Build.0 = Debug|Any CPU
		{7052D232-4707-41B3-B003-C0041CA66BC5}.Release|Any CPU.ActiveCfg = Release|Any CPU
		{7052D232-4707-41B3-B003-C0041CA66BC5}.Release|Any CPU.Build.0 = Release|Any CPU
	EndGlobalSection
	GlobalSection(SolutionProperties) = preSolution
		HideSolutionNode = FALSE
	EndGlobalSection
	GlobalSection(ExtensibilityGlobals) = postSolution
		SolutionGuid = {6CBA5A2E-5552-4420-8910-C428DFC3D4A1}
	EndGlobalSection
EndGlobal
